// !$*UTF8*$!
{
	archiveVersion = 1;
	classes = {
	};
	objectVersion = 56;
	objects = {

/* Begin PBXBuildFile section */
		1DCA19D0FDC226F797D97CB1 /* Pods_BreakingBadHelper.framework in Frameworks */ = {isa = PBXBuildFile; fileRef = 8AE3571438ED145C0722972F /* Pods_BreakingBadHelper.framework */; };
		3A11042928FA76D1005BB660 /* AppDelegate.swift in Sources */ = {isa = PBXBuildFile; fileRef = 3A11042828FA76D1005BB660 /* AppDelegate.swift */; };
		3A11042B28FA76D1005BB660 /* SceneDelegate.swift in Sources */ = {isa = PBXBuildFile; fileRef = 3A11042A28FA76D1005BB660 /* SceneDelegate.swift */; };
		3A11042D28FA76D1005BB660 /* CharactersController.swift in Sources */ = {isa = PBXBuildFile; fileRef = 3A11042C28FA76D1005BB660 /* CharactersController.swift */; };
		3A11043228FA76D3005BB660 /* Assets.xcassets in Resources */ = {isa = PBXBuildFile; fileRef = 3A11043128FA76D3005BB660 /* Assets.xcassets */; };
		3A11043528FA76D3005BB660 /* LaunchScreen.storyboard in Resources */ = {isa = PBXBuildFile; fileRef = 3A11043328FA76D3005BB660 /* LaunchScreen.storyboard */; };
		3A11044828FA7991005BB660 /* MainTabBarController.swift in Sources */ = {isa = PBXBuildFile; fileRef = 3A11044728FA7991005BB660 /* MainTabBarController.swift */; };
		3A11044A28FA7D1A005BB660 /* CharactersView.swift in Sources */ = {isa = PBXBuildFile; fileRef = 3A11044928FA7D1A005BB660 /* CharactersView.swift */; };
		3A11044E28FA7E2C005BB660 /* CharacterTableViewCell.swift in Sources */ = {isa = PBXBuildFile; fileRef = 3A11044D28FA7E2C005BB660 /* CharacterTableViewCell.swift */; };
		3A11045028FA8285005BB660 /* Character.swift in Sources */ = {isa = PBXBuildFile; fileRef = 3A11044F28FA8285005BB660 /* Character.swift */; };
		3A11045228FA8A6E005BB660 /* NetworkService.swift in Sources */ = {isa = PBXBuildFile; fileRef = 3A11045128FA8A6E005BB660 /* NetworkService.swift */; };
		3A11045528FA8BC4005BB660 /* CharacterViewModel.swift in Sources */ = {isa = PBXBuildFile; fileRef = 3A11045428FA8BC4005BB660 /* CharacterViewModel.swift */; };
		3A11045728FA8C3A005BB660 /* CharactersListViewModel.swift in Sources */ = {isa = PBXBuildFile; fileRef = 3A11045628FA8C3A005BB660 /* CharactersListViewModel.swift */; };
		3A11045A28FA9A91005BB660 /* Constants.swift in Sources */ = {isa = PBXBuildFile; fileRef = 3A11045928FA9A91005BB660 /* Constants.swift */; };
/* End PBXBuildFile section */

/* Begin PBXFileReference section */
		2430DB23096EB64622BCD713 /* Pods-BreakingBadHelper.debug.xcconfig */ = {isa = PBXFileReference; includeInIndex = 1; lastKnownFileType = text.xcconfig; name = "Pods-BreakingBadHelper.debug.xcconfig"; path = "Target Support Files/Pods-BreakingBadHelper/Pods-BreakingBadHelper.debug.xcconfig"; sourceTree = "<group>"; };
		2F2172275B122F16706C02FC /* Pods-BreakingBadHelper.release.xcconfig */ = {isa = PBXFileReference; includeInIndex = 1; lastKnownFileType = text.xcconfig; name = "Pods-BreakingBadHelper.release.xcconfig"; path = "Target Support Files/Pods-BreakingBadHelper/Pods-BreakingBadHelper.release.xcconfig"; sourceTree = "<group>"; };
		3A11042528FA76D1005BB660 /* BreakingBadHelper.app */ = {isa = PBXFileReference; explicitFileType = wrapper.application; includeInIndex = 0; path = BreakingBadHelper.app; sourceTree = BUILT_PRODUCTS_DIR; };
		3A11042828FA76D1005BB660 /* AppDelegate.swift */ = {isa = PBXFileReference; lastKnownFileType = sourcecode.swift; path = AppDelegate.swift; sourceTree = "<group>"; };
		3A11042A28FA76D1005BB660 /* SceneDelegate.swift */ = {isa = PBXFileReference; lastKnownFileType = sourcecode.swift; path = SceneDelegate.swift; sourceTree = "<group>"; };
		3A11042C28FA76D1005BB660 /* CharactersController.swift */ = {isa = PBXFileReference; lastKnownFileType = sourcecode.swift; path = CharactersController.swift; sourceTree = "<group>"; };
		3A11043128FA76D3005BB660 /* Assets.xcassets */ = {isa = PBXFileReference; lastKnownFileType = folder.assetcatalog; path = Assets.xcassets; sourceTree = "<group>"; };
		3A11043428FA76D3005BB660 /* Base */ = {isa = PBXFileReference; lastKnownFileType = file.storyboard; name = Base; path = Base.lproj/LaunchScreen.storyboard; sourceTree = "<group>"; };
		3A11043628FA76D3005BB660 /* Info.plist */ = {isa = PBXFileReference; lastKnownFileType = text.plist.xml; path = Info.plist; sourceTree = "<group>"; };
		3A11044728FA7991005BB660 /* MainTabBarController.swift */ = {isa = PBXFileReference; lastKnownFileType = sourcecode.swift; path = MainTabBarController.swift; sourceTree = "<group>"; };
		3A11044928FA7D1A005BB660 /* CharactersView.swift */ = {isa = PBXFileReference; lastKnownFileType = sourcecode.swift; path = CharactersView.swift; sourceTree = "<group>"; };
		3A11044D28FA7E2C005BB660 /* CharacterTableViewCell.swift */ = {isa = PBXFileReference; lastKnownFileType = sourcecode.swift; path = CharacterTableViewCell.swift; sourceTree = "<group>"; };
		3A11044F28FA8285005BB660 /* Character.swift */ = {isa = PBXFileReference; lastKnownFileType = sourcecode.swift; path = Character.swift; sourceTree = "<group>"; };
		3A11045128FA8A6E005BB660 /* NetworkService.swift */ = {isa = PBXFileReference; lastKnownFileType = sourcecode.swift; path = NetworkService.swift; sourceTree = "<group>"; };
		3A11045428FA8BC4005BB660 /* CharacterViewModel.swift */ = {isa = PBXFileReference; lastKnownFileType = sourcecode.swift; path = CharacterViewModel.swift; sourceTree = "<group>"; };
		3A11045628FA8C3A005BB660 /* CharactersListViewModel.swift */ = {isa = PBXFileReference; lastKnownFileType = sourcecode.swift; path = CharactersListViewModel.swift; sourceTree = "<group>"; };
		3A11045928FA9A91005BB660 /* Constants.swift */ = {isa = PBXFileReference; lastKnownFileType = sourcecode.swift; path = Constants.swift; sourceTree = "<group>"; };
		8AE3571438ED145C0722972F /* Pods_BreakingBadHelper.framework */ = {isa = PBXFileReference; explicitFileType = wrapper.framework; includeInIndex = 0; path = Pods_BreakingBadHelper.framework; sourceTree = BUILT_PRODUCTS_DIR; };
/* End PBXFileReference section */

/* Begin PBXFrameworksBuildPhase section */
		3A11042228FA76D1005BB660 /* Frameworks */ = {
			isa = PBXFrameworksBuildPhase;
			buildActionMask = 2147483647;
			files = (
				1DCA19D0FDC226F797D97CB1 /* Pods_BreakingBadHelper.framework in Frameworks */,
			);
			runOnlyForDeploymentPostprocessing = 0;
		};
/* End PBXFrameworksBuildPhase section */

/* Begin PBXGroup section */
		07F0050471E77B8415F168DB /* Frameworks */ = {
			isa = PBXGroup;
			children = (
				8AE3571438ED145C0722972F /* Pods_BreakingBadHelper.framework */,
			);
			name = Frameworks;
			sourceTree = "<group>";
		};
		3A11041C28FA76D1005BB660 = {
			isa = PBXGroup;
			children = (
				3A11042728FA76D1005BB660 /* BreakingBadHelper */,
				3A11042628FA76D1005BB660 /* Products */,
				CAC823FEBE865062281DC251 /* Pods */,
				07F0050471E77B8415F168DB /* Frameworks */,
			);
			sourceTree = "<group>";
		};
		3A11042628FA76D1005BB660 /* Products */ = {
			isa = PBXGroup;
			children = (
				3A11042528FA76D1005BB660 /* BreakingBadHelper.app */,
			);
			name = Products;
			sourceTree = "<group>";
		};
		3A11042728FA76D1005BB660 /* BreakingBadHelper */ = {
			isa = PBXGroup;
			children = (
				3A11043D28FA78FA005BB660 /* Resources */,
				3A11043C28FA78F1005BB660 /* Sources */,
			);
			path = BreakingBadHelper;
			sourceTree = "<group>";
		};
		3A11043C28FA78F1005BB660 /* Sources */ = {
			isa = PBXGroup;
			children = (
				3A11045828FA99D3005BB660 /* Scenes */,
				3A11044628FA795C005BB660 /* App */,
			);
			path = Sources;
			sourceTree = "<group>";
		};
		3A11043D28FA78FA005BB660 /* Resources */ = {
			isa = PBXGroup;
			children = (
				3A11044528FA794C005BB660 /* Supporting files */,
				3A11044428FA7946005BB660 /* Configuration */,
			);
			path = Resources;
			sourceTree = "<group>";
		};
		3A11043E28FA7907005BB660 /* ViewModels */ = {
			isa = PBXGroup;
			children = (
				3A11045428FA8BC4005BB660 /* CharacterViewModel.swift */,
				3A11045628FA8C3A005BB660 /* CharactersListViewModel.swift */,
			);
			path = ViewModels;
			sourceTree = "<group>";
		};
		3A11043F28FA7914005BB660 /* Models */ = {
			isa = PBXGroup;
			children = (
				3A11045C28FA9C73005BB660 /* Services */,
				3A11045B28FA9C6D005BB660 /* Decodable */,
			);
			path = Models;
			sourceTree = "<group>";
		};
		3A11044028FA791B005BB660 /* Views */ = {
			isa = PBXGroup;
			children = (
				3A11044B28FA7E13005BB660 /* Cells */,
				3A11044328FA7932005BB660 /* Storyboards */,
				3A11044228FA792E005BB660 /* Views */,
				3A11044128FA7928005BB660 /* Controllers */,
			);
			path = Views;
			sourceTree = "<group>";
		};
		3A11044128FA7928005BB660 /* Controllers */ = {
			isa = PBXGroup;
			children = (
				3A11042C28FA76D1005BB660 /* CharactersController.swift */,
				3A11044728FA7991005BB660 /* MainTabBarController.swift */,
			);
			path = Controllers;
			sourceTree = "<group>";
		};
		3A11044228FA792E005BB660 /* Views */ = {
			isa = PBXGroup;
			children = (
				3A11044928FA7D1A005BB660 /* CharactersView.swift */,
			);
			path = Views;
			sourceTree = "<group>";
		};
		3A11044328FA7932005BB660 /* Storyboards */ = {
			isa = PBXGroup;
			children = (
				3A11043328FA76D3005BB660 /* LaunchScreen.storyboard */,
			);
			path = Storyboards;
			sourceTree = "<group>";
		};
		3A11044428FA7946005BB660 /* Configuration */ = {
			isa = PBXGroup;
			children = (
				3A11043628FA76D3005BB660 /* Info.plist */,
			);
			path = Configuration;
			sourceTree = "<group>";
		};
		3A11044528FA794C005BB660 /* Supporting files */ = {
			isa = PBXGroup;
			children = (
				3A11043128FA76D3005BB660 /* Assets.xcassets */,
				3A11045928FA9A91005BB660 /* Constants.swift */,
			);
			path = "Supporting files";
			sourceTree = "<group>";
		};
		3A11044628FA795C005BB660 /* App */ = {
			isa = PBXGroup;
			children = (
				3A11042828FA76D1005BB660 /* AppDelegate.swift */,
				3A11042A28FA76D1005BB660 /* SceneDelegate.swift */,
			);
			path = App;
			sourceTree = "<group>";
		};
		3A11044B28FA7E13005BB660 /* Cells */ = {
			isa = PBXGroup;
			children = (
				3A11044D28FA7E2C005BB660 /* CharacterTableViewCell.swift */,
			);
			path = Cells;
			sourceTree = "<group>";
		};
		3A11045828FA99D3005BB660 /* Scenes */ = {
			isa = PBXGroup;
			children = (
				3A11044028FA791B005BB660 /* Views */,
				3A11043F28FA7914005BB660 /* Models */,
				3A11043E28FA7907005BB660 /* ViewModels */,
			);
			path = Scenes;
			sourceTree = "<group>";
		};
		3A11045B28FA9C6D005BB660 /* Decodable */ = {
			isa = PBXGroup;
			children = (
				3A11044F28FA8285005BB660 /* Character.swift */,
			);
			path = Decodable;
			sourceTree = "<group>";
		};
		3A11045C28FA9C73005BB660 /* Services */ = {
			isa = PBXGroup;
			children = (
				3A11045128FA8A6E005BB660 /* NetworkService.swift */,
			);
			path = Services;
			sourceTree = "<group>";
		};
		CAC823FEBE865062281DC251 /* Pods */ = {
			isa = PBXGroup;
			children = (
				2430DB23096EB64622BCD713 /* Pods-BreakingBadHelper.debug.xcconfig */,
				2F2172275B122F16706C02FC /* Pods-BreakingBadHelper.release.xcconfig */,
			);
			path = Pods;
			sourceTree = "<group>";
		};
/* End PBXGroup section */

/* Begin PBXNativeTarget section */
		3A11042428FA76D1005BB660 /* BreakingBadHelper */ = {
			isa = PBXNativeTarget;
			buildConfigurationList = 3A11043928FA76D3005BB660 /* Build configuration list for PBXNativeTarget "BreakingBadHelper" */;
			buildPhases = (
				277D32178181D9BFC9990B90 /* [CP] Check Pods Manifest.lock */,
				3A11042128FA76D1005BB660 /* Sources */,
				3A11042228FA76D1005BB660 /* Frameworks */,
				3A11042328FA76D1005BB660 /* Resources */,
				4511A6120906E757D68B6003 /* [CP] Embed Pods Frameworks */,
			);
			buildRules = (
			);
			dependencies = (
			);
			name = BreakingBadHelper;
			productName = BreakingBadHelper;
			productReference = 3A11042528FA76D1005BB660 /* BreakingBadHelper.app */;
			productType = "com.apple.product-type.application";
		};
/* End PBXNativeTarget section */

/* Begin PBXProject section */
		3A11041D28FA76D1005BB660 /* Project object */ = {
			isa = PBXProject;
			attributes = {
				BuildIndependentTargetsInParallel = 1;
				LastSwiftUpdateCheck = 1400;
				LastUpgradeCheck = 1400;
				TargetAttributes = {
					3A11042428FA76D1005BB660 = {
						CreatedOnToolsVersion = 14.0;
					};
				};
			};
			buildConfigurationList = 3A11042028FA76D1005BB660 /* Build configuration list for PBXProject "BreakingBadHelper" */;
			compatibilityVersion = "Xcode 14.0";
			developmentRegion = en;
			hasScannedForEncodings = 0;
			knownRegions = (
				en,
				Base,
			);
			mainGroup = 3A11041C28FA76D1005BB660;
			productRefGroup = 3A11042628FA76D1005BB660 /* Products */;
			projectDirPath = "";
			projectRoot = "";
			targets = (
				3A11042428FA76D1005BB660 /* BreakingBadHelper */,
			);
		};
/* End PBXProject section */

/* Begin PBXResourcesBuildPhase section */
		3A11042328FA76D1005BB660 /* Resources */ = {
			isa = PBXResourcesBuildPhase;
			buildActionMask = 2147483647;
			files = (
				3A11043528FA76D3005BB660 /* LaunchScreen.storyboard in Resources */,
				3A11043228FA76D3005BB660 /* Assets.xcassets in Resources */,
			);
			runOnlyForDeploymentPostprocessing = 0;
		};
/* End PBXResourcesBuildPhase section */

/* Begin PBXShellScriptBuildPhase section */
		277D32178181D9BFC9990B90 /* [CP] Check Pods Manifest.lock */ = {
			isa = PBXShellScriptBuildPhase;
			buildActionMask = 2147483647;
			files = (
			);
			inputFileListPaths = (
			);
			inputPaths = (
				"${PODS_PODFILE_DIR_PATH}/Podfile.lock",
				"${PODS_ROOT}/Manifest.lock",
			);
			name = "[CP] Check Pods Manifest.lock";
			outputFileListPaths = (
			);
			outputPaths = (
				"$(DERIVED_FILE_DIR)/Pods-BreakingBadHelper-checkManifestLockResult.txt",
			);
			runOnlyForDeploymentPostprocessing = 0;
			shellPath = /bin/sh;
			shellScript = "diff \"${PODS_PODFILE_DIR_PATH}/Podfile.lock\" \"${PODS_ROOT}/Manifest.lock\" > /dev/null\nif [ $? != 0 ] ; then\n    # print error to STDERR\n    echo \"error: The sandbox is not in sync with the Podfile.lock. Run 'pod install' or update your CocoaPods installation.\" >&2\n    exit 1\nfi\n# This output is used by Xcode 'outputs' to avoid re-running this script phase.\necho \"SUCCESS\" > \"${SCRIPT_OUTPUT_FILE_0}\"\n";
			showEnvVarsInLog = 0;
		};
		4511A6120906E757D68B6003 /* [CP] Embed Pods Frameworks */ = {
			isa = PBXShellScriptBuildPhase;
			buildActionMask = 2147483647;
			files = (
			);
			inputFileListPaths = (
				"${PODS_ROOT}/Target Support Files/Pods-BreakingBadHelper/Pods-BreakingBadHelper-frameworks-${CONFIGURATION}-input-files.xcfilelist",
			);
			name = "[CP] Embed Pods Frameworks";
			outputFileListPaths = (
				"${PODS_ROOT}/Target Support Files/Pods-BreakingBadHelper/Pods-BreakingBadHelper-frameworks-${CONFIGURATION}-output-files.xcfilelist",
			);
			runOnlyForDeploymentPostprocessing = 0;
			shellPath = /bin/sh;
			shellScript = "\"${PODS_ROOT}/Target Support Files/Pods-BreakingBadHelper/Pods-BreakingBadHelper-frameworks.sh\"\n";
			showEnvVarsInLog = 0;
		};
/* End PBXShellScriptBuildPhase section */

/* Begin PBXSourcesBuildPhase section */
		3A11042128FA76D1005BB660 /* Sources */ = {
			isa = PBXSourcesBuildPhase;
			buildActionMask = 2147483647;
			files = (
				3A11042D28FA76D1005BB660 /* CharactersController.swift in Sources */,
				3A11045A28FA9A91005BB660 /* Constants.swift in Sources */,
				3A11045528FA8BC4005BB660 /* CharacterViewModel.swift in Sources */,
				3A11044A28FA7D1A005BB660 /* CharactersView.swift in Sources */,
				3A11045228FA8A6E005BB660 /* NetworkService.swift in Sources */,
				3A11045728FA8C3A005BB660 /* CharactersListViewModel.swift in Sources */,
				3A11045028FA8285005BB660 /* Character.swift in Sources */,
				3A11042928FA76D1005BB660 /* AppDelegate.swift in Sources */,
				3A11044828FA7991005BB660 /* MainTabBarController.swift in Sources */,
				3A11042B28FA76D1005BB660 /* SceneDelegate.swift in Sources */,
				3A11044E28FA7E2C005BB660 /* CharacterTableViewCell.swift in Sources */,
			);
			runOnlyForDeploymentPostprocessing = 0;
		};
/* End PBXSourcesBuildPhase section */

/* Begin PBXVariantGroup section */
		3A11043328FA76D3005BB660 /* LaunchScreen.storyboard */ = {
			isa = PBXVariantGroup;
			children = (
				3A11043428FA76D3005BB660 /* Base */,
			);
			name = LaunchScreen.storyboard;
			sourceTree = "<group>";
		};
/* End PBXVariantGroup section */

/* Begin XCBuildConfiguration section */
		3A11043728FA76D3005BB660 /* Debug */ = {
			isa = XCBuildConfiguration;
			buildSettings = {
				ALWAYS_SEARCH_USER_PATHS = NO;
				CLANG_ANALYZER_NONNULL = YES;
				CLANG_ANALYZER_NUMBER_OBJECT_CONVERSION = YES_AGGRESSIVE;
				CLANG_CXX_LANGUAGE_STANDARD = "gnu++20";
				CLANG_ENABLE_MODULES = YES;
				CLANG_ENABLE_OBJC_ARC = YES;
				CLANG_ENABLE_OBJC_WEAK = YES;
				CLANG_WARN_BLOCK_CAPTURE_AUTORELEASING = YES;
				CLANG_WARN_BOOL_CONVERSION = YES;
				CLANG_WARN_COMMA = YES;
				CLANG_WARN_CONSTANT_CONVERSION = YES;
				CLANG_WARN_DEPRECATED_OBJC_IMPLEMENTATIONS = YES;
				CLANG_WARN_DIRECT_OBJC_ISA_USAGE = YES_ERROR;
				CLANG_WARN_DOCUMENTATION_COMMENTS = YES;
				CLANG_WARN_EMPTY_BODY = YES;
				CLANG_WARN_ENUM_CONVERSION = YES;
				CLANG_WARN_INFINITE_RECURSION = YES;
				CLANG_WARN_INT_CONVERSION = YES;
				CLANG_WARN_NON_LITERAL_NULL_CONVERSION = YES;
				CLANG_WARN_OBJC_IMPLICIT_RETAIN_SELF = YES;
				CLANG_WARN_OBJC_LITERAL_CONVERSION = YES;
				CLANG_WARN_OBJC_ROOT_CLASS = YES_ERROR;
				CLANG_WARN_QUOTED_INCLUDE_IN_FRAMEWORK_HEADER = YES;
				CLANG_WARN_RANGE_LOOP_ANALYSIS = YES;
				CLANG_WARN_STRICT_PROTOTYPES = YES;
				CLANG_WARN_SUSPICIOUS_MOVE = YES;
				CLANG_WARN_UNGUARDED_AVAILABILITY = YES_AGGRESSIVE;
				CLANG_WARN_UNREACHABLE_CODE = YES;
				CLANG_WARN__DUPLICATE_METHOD_MATCH = YES;
				COPY_PHASE_STRIP = NO;
				DEBUG_INFORMATION_FORMAT = dwarf;
				ENABLE_STRICT_OBJC_MSGSEND = YES;
				ENABLE_TESTABILITY = YES;
				GCC_C_LANGUAGE_STANDARD = gnu11;
				GCC_DYNAMIC_NO_PIC = NO;
				GCC_NO_COMMON_BLOCKS = YES;
				GCC_OPTIMIZATION_LEVEL = 0;
				GCC_PREPROCESSOR_DEFINITIONS = (
					"DEBUG=1",
					"$(inherited)",
				);
				GCC_WARN_64_TO_32_BIT_CONVERSION = YES;
				GCC_WARN_ABOUT_RETURN_TYPE = YES_ERROR;
				GCC_WARN_UNDECLARED_SELECTOR = YES;
				GCC_WARN_UNINITIALIZED_AUTOS = YES_AGGRESSIVE;
				GCC_WARN_UNUSED_FUNCTION = YES;
				GCC_WARN_UNUSED_VARIABLE = YES;
				IPHONEOS_DEPLOYMENT_TARGET = 16.0;
				MTL_ENABLE_DEBUG_INFO = INCLUDE_SOURCE;
				MTL_FAST_MATH = YES;
				ONLY_ACTIVE_ARCH = YES;
				SDKROOT = iphoneos;
				SWIFT_ACTIVE_COMPILATION_CONDITIONS = DEBUG;
				SWIFT_OPTIMIZATION_LEVEL = "-Onone";
			};
			name = Debug;
		};
		3A11043828FA76D3005BB660 /* Release */ = {
			isa = XCBuildConfiguration;
			buildSettings = {
				ALWAYS_SEARCH_USER_PATHS = NO;
				CLANG_ANALYZER_NONNULL = YES;
				CLANG_ANALYZER_NUMBER_OBJECT_CONVERSION = YES_AGGRESSIVE;
				CLANG_CXX_LANGUAGE_STANDARD = "gnu++20";
				CLANG_ENABLE_MODULES = YES;
				CLANG_ENABLE_OBJC_ARC = YES;
				CLANG_ENABLE_OBJC_WEAK = YES;
				CLANG_WARN_BLOCK_CAPTURE_AUTORELEASING = YES;
				CLANG_WARN_BOOL_CONVERSION = YES;
				CLANG_WARN_COMMA = YES;
				CLANG_WARN_CONSTANT_CONVERSION = YES;
				CLANG_WARN_DEPRECATED_OBJC_IMPLEMENTATIONS = YES;
				CLANG_WARN_DIRECT_OBJC_ISA_USAGE = YES_ERROR;
				CLANG_WARN_DOCUMENTATION_COMMENTS = YES;
				CLANG_WARN_EMPTY_BODY = YES;
				CLANG_WARN_ENUM_CONVERSION = YES;
				CLANG_WARN_INFINITE_RECURSION = YES;
				CLANG_WARN_INT_CONVERSION = YES;
				CLANG_WARN_NON_LITERAL_NULL_CONVERSION = YES;
				CLANG_WARN_OBJC_IMPLICIT_RETAIN_SELF = YES;
				CLANG_WARN_OBJC_LITERAL_CONVERSION = YES;
				CLANG_WARN_OBJC_ROOT_CLASS = YES_ERROR;
				CLANG_WARN_QUOTED_INCLUDE_IN_FRAMEWORK_HEADER = YES;
				CLANG_WARN_RANGE_LOOP_ANALYSIS = YES;
				CLANG_WARN_STRICT_PROTOTYPES = YES;
				CLANG_WARN_SUSPICIOUS_MOVE = YES;
				CLANG_WARN_UNGUARDED_AVAILABILITY = YES_AGGRESSIVE;
				CLANG_WARN_UNREACHABLE_CODE = YES;
				CLANG_WARN__DUPLICATE_METHOD_MATCH = YES;
				COPY_PHASE_STRIP = NO;
				DEBUG_INFORMATION_FORMAT = "dwarf-with-dsym";
				ENABLE_NS_ASSERTIONS = NO;
				ENABLE_STRICT_OBJC_MSGSEND = YES;
				GCC_C_LANGUAGE_STANDARD = gnu11;
				GCC_NO_COMMON_BLOCKS = YES;
				GCC_WARN_64_TO_32_BIT_CONVERSION = YES;
				GCC_WARN_ABOUT_RETURN_TYPE = YES_ERROR;
				GCC_WARN_UNDECLARED_SELECTOR = YES;
				GCC_WARN_UNINITIALIZED_AUTOS = YES_AGGRESSIVE;
				GCC_WARN_UNUSED_FUNCTION = YES;
				GCC_WARN_UNUSED_VARIABLE = YES;
				IPHONEOS_DEPLOYMENT_TARGET = 16.0;
				MTL_ENABLE_DEBUG_INFO = NO;
				MTL_FAST_MATH = YES;
				SDKROOT = iphoneos;
				SWIFT_COMPILATION_MODE = wholemodule;
				SWIFT_OPTIMIZATION_LEVEL = "-O";
				VALIDATE_PRODUCT = YES;
			};
			name = Release;
		};
		3A11043A28FA76D3005BB660 /* Debug */ = {
			isa = XCBuildConfiguration;
			baseConfigurationReference = 2430DB23096EB64622BCD713 /* Pods-BreakingBadHelper.debug.xcconfig */;
			buildSettings = {
				ASSETCATALOG_COMPILER_APPICON_NAME = AppIcon;
				ASSETCATALOG_COMPILER_GLOBAL_ACCENT_COLOR_NAME = AccentColor;
				CODE_SIGN_STYLE = Automatic;
				CURRENT_PROJECT_VERSION = 1;
				DEVELOPMENT_TEAM = MK8LDS6W26;
				GENERATE_INFOPLIST_FILE = YES;
				INFOPLIST_FILE = BreakingBadHelper/Resources/Configuration/Info.plist;
				INFOPLIST_KEY_UIApplicationSupportsIndirectInputEvents = YES;
				INFOPLIST_KEY_UILaunchStoryboardName = LaunchScreen;
				INFOPLIST_KEY_UIMainStoryboardFile = "";
				INFOPLIST_KEY_UISupportedInterfaceOrientations_iPad = "UIInterfaceOrientationPortrait UIInterfaceOrientationPortraitUpsideDown UIInterfaceOrientationLandscapeLeft UIInterfaceOrientationLandscapeRight";
				INFOPLIST_KEY_UISupportedInterfaceOrientations_iPhone = "UIInterfaceOrientationPortrait UIInterfaceOrientationLandscapeLeft UIInterfaceOrientationLandscapeRight";
				LD_RUNPATH_SEARCH_PATHS = (
					"$(inherited)",
					"@executable_path/Frameworks",
				);
				MARKETING_VERSION = 1.0;
				PRODUCT_BUNDLE_IDENTIFIER = com.stanno.BreakingBadHelper;
				PRODUCT_NAME = "$(TARGET_NAME)";
				SWIFT_EMIT_LOC_STRINGS = YES;
				SWIFT_VERSION = 5.0;
				TARGETED_DEVICE_FAMILY = "1,2";
			};
			name = Debug;
		};
		3A11043B28FA76D3005BB660 /* Release */ = {
			isa = XCBuildConfiguration;
			baseConfigurationReference = 2F2172275B122F16706C02FC /* Pods-BreakingBadHelper.release.xcconfig */;
			buildSettings = {
				ASSETCATALOG_COMPILER_APPICON_NAME = AppIcon;
				ASSETCATALOG_COMPILER_GLOBAL_ACCENT_COLOR_NAME = AccentColor;
				CODE_SIGN_STYLE = Automatic;
				CURRENT_PROJECT_VERSION = 1;
				DEVELOPMENT_TEAM = MK8LDS6W26;
				GENERATE_INFOPLIST_FILE = YES;
				INFOPLIST_FILE = BreakingBadHelper/Resources/Configuration/Info.plist;
				INFOPLIST_KEY_UIApplicationSupportsIndirectInputEvents = YES;
				INFOPLIST_KEY_UILaunchStoryboardName = LaunchScreen;
				INFOPLIST_KEY_UIMainStoryboardFile = "";
				INFOPLIST_KEY_UISupportedInterfaceOrientations_iPad = "UIInterfaceOrientationPortrait UIInterfaceOrientationPortraitUpsideDown UIInterfaceOrientationLandscapeLeft UIInterfaceOrientationLandscapeRight";
				INFOPLIST_KEY_UISupportedInterfaceOrientations_iPhone = "UIInterfaceOrientationPortrait UIInterfaceOrientationLandscapeLeft UIInterfaceOrientationLandscapeRight";
				LD_RUNPATH_SEARCH_PATHS = (
					"$(inherited)",
					"@executable_path/Frameworks",
				);
				MARKETING_VERSION = 1.0;
				PRODUCT_BUNDLE_IDENTIFIER = com.stanno.BreakingBadHelper;
				PRODUCT_NAME = "$(TARGET_NAME)";
				SWIFT_EMIT_LOC_STRINGS = YES;
				SWIFT_VERSION = 5.0;
				TARGETED_DEVICE_FAMILY = "1,2";
			};
			name = Release;
		};
/* End XCBuildConfiguration section */

/* Begin XCConfigurationList section */
		3A11042028FA76D1005BB660 /* Build configuration list for PBXProject "BreakingBadHelper" */ = {
			isa = XCConfigurationList;
			buildConfigurations = (
				3A11043728FA76D3005BB660 /* Debug */,
				3A11043828FA76D3005BB660 /* Release */,
			);
			defaultConfigurationIsVisible = 0;
			defaultConfigurationName = Release;
		};
		3A11043928FA76D3005BB660 /* Build configuration list for PBXNativeTarget "BreakingBadHelper" */ = {
			isa = XCConfigurationList;
			buildConfigurations = (
				3A11043A28FA76D3005BB660 /* Debug */,
				3A11043B28FA76D3005BB660 /* Release */,
			);
			defaultConfigurationIsVisible = 0;
			defaultConfigurationName = Release;
		};
/* End XCConfigurationList section */
	};
	rootObject = 3A11041D28FA76D1005BB660 /* Project object */;
}
